
Microsoft Visual Studio Solution File, Format Version 12.00
# Visual Studio Version 16
VisualStudioVersion = 16.0.30330.147
MinimumVisualStudioVersion = 10.0.40219.1
Project("{FAE04EC0-301F-11D3-BF4B-00C04F79EFBC}") = "GameStore.DAL", "GameStore.DAL\GameStore.DAL.csproj", "{4C978DB7-50E0-46A0-B300-B4DB99E2F80A}"
EndProject
Project("{FAE04EC0-301F-11D3-BF4B-00C04F79EFBC}") = "GameStore.BLL", "GameStore.BLL\GameStore.BLL.csproj", "{01C38892-C3CA-48BF-9EFD-B7A3BA959DA2}"
EndProject
Project("{FAE04EC0-301F-11D3-BF4B-00C04F79EFBC}") = "GameStore.UI", "GameStore.UI\GameStore.UI.csproj", "{EC3FDCFF-4EE3-48D6-8C3A-BE7CAFDC5195}"
EndProject
Project("{FAE04EC0-301F-11D3-BF4B-00C04F79EFBC}") = "GameStore.UI.Tests", "GameStore.UI.Tests\GameStore.UI.Tests.csproj", "{A9A99EFB-5010-403F-BE86-0C3711818EF1}"
EndProject
Global
	GlobalSection(SolutionConfigurationPlatforms) = preSolution
		Debug|Any CPU = Debug|Any CPU
		Release|Any CPU = Release|Any CPU
	EndGlobalSection
	GlobalSection(ProjectConfigurationPlatforms) = postSolution
		{4C978DB7-50E0-46A0-B300-B4DB99E2F80A}.Debug|Any CPU.ActiveCfg = Debug|Any CPU
		{4C978DB7-50E0-46A0-B300-B4DB99E2F80A}.Debug|Any CPU.Build.0 = Debug|Any CPU
		{4C978DB7-50E0-46A0-B300-B4DB99E2F80A}.Release|Any CPU.ActiveCfg = Release|Any CPU
		{4C978DB7-50E0-46A0-B300-B4DB99E2F80A}.Release|Any CPU.Build.0 = Release|Any CPU
		{01C38892-C3CA-48BF-9EFD-B7A3BA959DA2}.Debug|Any CPU.ActiveCfg = Debug|Any CPU
		{01C38892-C3CA-48BF-9EFD-B7A3BA959DA2}.Debug|Any CPU.Build.0 = Debug|Any CPU
		{01C38892-C3CA-48BF-9EFD-B7A3BA959DA2}.Release|Any CPU.ActiveCfg = Release|Any CPU
		{01C38892-C3CA-48BF-9EFD-B7A3BA959DA2}.Release|Any CPU.Build.0 = Release|Any CPU
		{EC3FDCFF-4EE3-48D6-8C3A-BE7CAFDC5195}.Debug|Any CPU.ActiveCfg = Debug|Any CPU
		{EC3FDCFF-4EE3-48D6-8C3A-BE7CAFDC5195}.Debug|Any CPU.Build.0 = Debug|Any CPU
		{EC3FDCFF-4EE3-48D6-8C3A-BE7CAFDC5195}.Release|Any CPU.ActiveCfg = Release|Any CPU
		{EC3FDCFF-4EE3-48D6-8C3A-BE7CAFDC5195}.Release|Any CPU.Build.0 = Release|Any CPU
		{A9A99EFB-5010-403F-BE86-0C3711818EF1}.Debug|Any CPU.ActiveCfg = Debug|Any CPU
		{A9A99EFB-5010-403F-BE86-0C3711818EF1}.Debug|Any CPU.Build.0 = Debug|Any CPU
		{A9A99EFB-5010-403F-BE86-0C3711818EF1}.Release|Any CPU.ActiveCfg = Release|Any CPU
		{A9A99EFB-5010-403F-BE86-0C3711818EF1}.Release|Any CPU.Build.0 = Release|Any CPU
	EndGlobalSection
	GlobalSection(SolutionProperties) = preSolution
		HideSolutionNode = FALSE
	EndGlobalSection
	GlobalSection(ExtensibilityGlobals) = postSolution
		SolutionGuid = {FF901B5F-671D-41C5-84AE-7A85D23256D9}
	EndGlobalSection
EndGlobal
